Microsoft Visual Studio Solution File, Format Version 12.00
# Visual Studio Version 17
VisualStudioVersion = 17.5.2.0
MinimumVisualStudioVersion = 10.0.40219.1
Project("{FAE04EC0-301F-11D3-BF4B-00C04F79EFBC}") = "SinhVien5TotWeb", "SinhVien5TotWeb.csproj", "{3EE2E849-2758-E4F2-2FED-DD74D54B16D8}"
EndProject
Global
	GlobalSection(SolutionConfigurationPlatforms) = preSolution
		Debug|Any CPU = Debug|Any CPU
		Release|Any CPU = Release|Any CPU
	EndGlobalSection
	GlobalSection(ProjectConfigurationPlatforms) = postSolution
		{3EE2E849-2758-E4F2-2FED-DD74D54B16D8}.Debug|Any CPU.ActiveCfg = Debug|Any CPU
		{3EE2E849-2758-E4F2-2FED-DD74D54B16D8}.Debug|Any CPU.Build.0 = Debug|Any CPU
		{3EE2E849-2758-E4F2-2FED-DD74D54B16D8}.Release|Any CPU.ActiveCfg = Release|Any CPU
		{3EE2E849-2758-E4F2-2FED-DD74D54B16D8}.Release|Any CPU.Build.0 = Release|Any CPU
	EndGlobalSection
	GlobalSection(SolutionProperties) = preSolution
		HideSolutionNode = FALSE
	EndGlobalSection
	GlobalSection(ExtensibilityGlobals) = postSolution
		SolutionGuid = {49F7EDB0-B5F3-4602-B6BF-4E8116058CB7}
	EndGlobalSection
EndGlobal
